
Microsoft Visual Studio Solution File, Format Version 12.00
Project("{FAE04EC0-301F-11D3-BF4B-00C04F79EFBC}") = "Boundaries", "Boundaries\Boundaries.csproj", "{B7723633-9BCD-44C6-BC90-1E3F5C6C8101}"
EndProject
Project("{FAE04EC0-301F-11D3-BF4B-00C04F79EFBC}") = "TestBoundaries", "TestBoundaries\TestBoundaries.csproj", "{6389698E-C0E2-4262-AE30-FD2A01654FA5}"
EndProject
Project("{FAE04EC0-301F-11D3-BF4B-00C04F79EFBC}") = "Dexpi2Svg", "Dexpi2Svg\Dexpi2Svg.csproj", "{18B982C7-6B76-46E5-A662-4F6C56A3744E}"
EndProject
Global
	GlobalSection(SolutionConfigurationPlatforms) = preSolution
		Debug|Any CPU = Debug|Any CPU
		Release|Any CPU = Release|Any CPU
	EndGlobalSection
	GlobalSection(ProjectConfigurationPlatforms) = postSolution
		{B7723633-9BCD-44C6-BC90-1E3F5C6C8101}.Debug|Any CPU.ActiveCfg = Debug|Any CPU
		{B7723633-9BCD-44C6-BC90-1E3F5C6C8101}.Debug|Any CPU.Build.0 = Debug|Any CPU
		{B7723633-9BCD-44C6-BC90-1E3F5C6C8101}.Release|Any CPU.ActiveCfg = Release|Any CPU
		{B7723633-9BCD-44C6-BC90-1E3F5C6C8101}.Release|Any CPU.Build.0 = Release|Any CPU
		{6389698E-C0E2-4262-AE30-FD2A01654FA5}.Debug|Any CPU.ActiveCfg = Debug|Any CPU
		{6389698E-C0E2-4262-AE30-FD2A01654FA5}.Debug|Any CPU.Build.0 = Debug|Any CPU
		{6389698E-C0E2-4262-AE30-FD2A01654FA5}.Release|Any CPU.ActiveCfg = Release|Any CPU
		{6389698E-C0E2-4262-AE30-FD2A01654FA5}.Release|Any CPU.Build.0 = Release|Any CPU
		{18B982C7-6B76-46E5-A662-4F6C56A3744E}.Debug|Any CPU.ActiveCfg = Debug|Any CPU
		{18B982C7-6B76-46E5-A662-4F6C56A3744E}.Debug|Any CPU.Build.0 = Debug|Any CPU
		{18B982C7-6B76-46E5-A662-4F6C56A3744E}.Release|Any CPU.ActiveCfg = Release|Any CPU
		{18B982C7-6B76-46E5-A662-4F6C56A3744E}.Release|Any CPU.Build.0 = Release|Any CPU
	EndGlobalSection
EndGlobal
