
Microsoft Visual Studio Solution File, Format Version 12.00
# Visual Studio Version 17
VisualStudioVersion = 17.11.35431.28
MinimumVisualStudioVersion = 10.0.40219.1
Project("{9A19103F-16F7-4668-BE54-9A1E7A4F7556}") = "Boundaries", "Boundaries\Boundaries.csproj", "{B7723633-9BCD-44C6-BC90-1E3F5C6C8101}"
EndProject
Project("{9A19103F-16F7-4668-BE54-9A1E7A4F7556}") = "TestBoundaries", "TestBoundaries\TestBoundaries.csproj", "{6389698E-C0E2-4262-AE30-FD2A01654FA5}"
EndProject
Project("{FAE04EC0-301F-11D3-BF4B-00C04F79EFBC}") = "Backend", "Backend\Backend.csproj", "{49E561FC-F64F-4877-8F24-B8D593568DA9}"
EndProject
Global
	GlobalSection(SolutionConfigurationPlatforms) = preSolution
		Debug|Any CPU = Debug|Any CPU
		Release|Any CPU = Release|Any CPU
	EndGlobalSection
	GlobalSection(ProjectConfigurationPlatforms) = postSolution
		{B7723633-9BCD-44C6-BC90-1E3F5C6C8101}.Debug|Any CPU.ActiveCfg = Debug|Any CPU
		{B7723633-9BCD-44C6-BC90-1E3F5C6C8101}.Debug|Any CPU.Build.0 = Debug|Any CPU
		{B7723633-9BCD-44C6-BC90-1E3F5C6C8101}.Release|Any CPU.ActiveCfg = Release|Any CPU
		{B7723633-9BCD-44C6-BC90-1E3F5C6C8101}.Release|Any CPU.Build.0 = Release|Any CPU
		{6389698E-C0E2-4262-AE30-FD2A01654FA5}.Debug|Any CPU.ActiveCfg = Debug|Any CPU
		{6389698E-C0E2-4262-AE30-FD2A01654FA5}.Debug|Any CPU.Build.0 = Debug|Any CPU
		{6389698E-C0E2-4262-AE30-FD2A01654FA5}.Release|Any CPU.ActiveCfg = Release|Any CPU
		{6389698E-C0E2-4262-AE30-FD2A01654FA5}.Release|Any CPU.Build.0 = Release|Any CPU
		{49E561FC-F64F-4877-8F24-B8D593568DA9}.Debug|Any CPU.ActiveCfg = Debug|Any CPU
		{49E561FC-F64F-4877-8F24-B8D593568DA9}.Debug|Any CPU.Build.0 = Debug|Any CPU
		{49E561FC-F64F-4877-8F24-B8D593568DA9}.Release|Any CPU.ActiveCfg = Release|Any CPU
		{49E561FC-F64F-4877-8F24-B8D593568DA9}.Release|Any CPU.Build.0 = Release|Any CPU
	EndGlobalSection
	GlobalSection(SolutionProperties) = preSolution
		HideSolutionNode = FALSE
	EndGlobalSection
	GlobalSection(ExtensibilityGlobals) = postSolution
		SolutionGuid = {86B458A0-804E-48CF-9B47-8E0DBDF1F23D}
	EndGlobalSection
EndGlobal
